// !$*UTF8*$!
{
	archiveVersion = 1;
	classes = {
	};
	objectVersion = 48;
	objects = {

/* Begin PBXBuildFile section */
		3068369A2119F76800CE9EB8 /* CinemaMovie.swift in Sources */ = {isa = PBXBuildFile; fileRef = 306836992119F76800CE9EB8 /* CinemaMovie.swift */; };
		30D1EEAD210C721A00014C2F /* AppDelegate.swift in Sources */ = {isa = PBXBuildFile; fileRef = 30D1EEAC210C721A00014C2F /* AppDelegate.swift */; };
		30D1EEAF210C721A00014C2F /* AddViewController.swift in Sources */ = {isa = PBXBuildFile; fileRef = 30D1EEAE210C721A00014C2F /* AddViewController.swift */; };
		30D1EEB2210C721A00014C2F /* Main.storyboard in Resources */ = {isa = PBXBuildFile; fileRef = 30D1EEB0210C721A00014C2F /* Main.storyboard */; };
		30D1EEB5210C721A00014C2F /* MovieCollection.xcdatamodeld in Sources */ = {isa = PBXBuildFile; fileRef = 30D1EEB3210C721A00014C2F /* MovieCollection.xcdatamodeld */; };
		30D1EEB7210C721A00014C2F /* Assets.xcassets in Resources */ = {isa = PBXBuildFile; fileRef = 30D1EEB6210C721A00014C2F /* Assets.xcassets */; };
		30D1EEBA210C721A00014C2F /* LaunchScreen.storyboard in Resources */ = {isa = PBXBuildFile; fileRef = 30D1EEB8210C721A00014C2F /* LaunchScreen.storyboard */; };
		30D64E722119F32B0088E483 /* MasterTableViewController.swift in Sources */ = {isa = PBXBuildFile; fileRef = 30D64E712119F32B0088E483 /* MasterTableViewController.swift */; };
		30D64E742119F3500088E483 /* DetailViewController.swift in Sources */ = {isa = PBXBuildFile; fileRef = 30D64E732119F3500088E483 /* DetailViewController.swift */; };
		30D64E762119F3670088E483 /* EditViewController.swift in Sources */ = {isa = PBXBuildFile; fileRef = 30D64E752119F3670088E483 /* EditViewController.swift */; };
		495B0AFAB095D8541CF0EE85 /* Pods_MovieCollection.framework in Frameworks */ = {isa = PBXBuildFile; fileRef = 0C5D6617335AC3E11589A256 /* Pods_MovieCollection.framework */; };
/* End PBXBuildFile section */

/* Begin PBXFileReference section */
		0C5D6617335AC3E11589A256 /* Pods_MovieCollection.framework */ = {isa = PBXFileReference; explicitFileType = wrapper.framework; includeInIndex = 0; path = Pods_MovieCollection.framework; sourceTree = BUILT_PRODUCTS_DIR; };
		306836992119F76800CE9EB8 /* CinemaMovie.swift */ = {isa = PBXFileReference; lastKnownFileType = sourcecode.swift; path = CinemaMovie.swift; sourceTree = "<group>"; };
		30D1EEA9210C721A00014C2F /* MovieCollection.app */ = {isa = PBXFileReference; explicitFileType = wrapper.application; includeInIndex = 0; path = MovieCollection.app; sourceTree = BUILT_PRODUCTS_DIR; };
		30D1EEAC210C721A00014C2F /* AppDelegate.swift */ = {isa = PBXFileReference; lastKnownFileType = sourcecode.swift; path = AppDelegate.swift; sourceTree = "<group>"; };
		30D1EEAE210C721A00014C2F /* AddViewController.swift */ = {isa = PBXFileReference; lastKnownFileType = sourcecode.swift; path = AddViewController.swift; sourceTree = "<group>"; };
		30D1EEB1210C721A00014C2F /* Base */ = {isa = PBXFileReference; lastKnownFileType = file.storyboard; name = Base; path = Base.lproj/Main.storyboard; sourceTree = "<group>"; };
		30D1EEB4210C721A00014C2F /* MovieCollection.xcdatamodel */ = {isa = PBXFileReference; lastKnownFileType = wrapper.xcdatamodel; path = MovieCollection.xcdatamodel; sourceTree = "<group>"; };
		30D1EEB6210C721A00014C2F /* Assets.xcassets */ = {isa = PBXFileReference; lastKnownFileType = folder.assetcatalog; path = Assets.xcassets; sourceTree = "<group>"; };
		30D1EEB9210C721A00014C2F /* Base */ = {isa = PBXFileReference; lastKnownFileType = file.storyboard; name = Base; path = Base.lproj/LaunchScreen.storyboard; sourceTree = "<group>"; };
		30D1EEBB210C721A00014C2F /* Info.plist */ = {isa = PBXFileReference; lastKnownFileType = text.plist.xml; path = Info.plist; sourceTree = "<group>"; };
		30D64E712119F32B0088E483 /* MasterTableViewController.swift */ = {isa = PBXFileReference; lastKnownFileType = sourcecode.swift; path = MasterTableViewController.swift; sourceTree = "<group>"; };
		30D64E732119F3500088E483 /* DetailViewController.swift */ = {isa = PBXFileReference; lastKnownFileType = sourcecode.swift; path = DetailViewController.swift; sourceTree = "<group>"; };
		30D64E752119F3670088E483 /* EditViewController.swift */ = {isa = PBXFileReference; lastKnownFileType = sourcecode.swift; path = EditViewController.swift; sourceTree = "<group>"; };
		ECFD1C87DBC4F5EDAB098F32 /* Pods-MovieCollection.release.xcconfig */ = {isa = PBXFileReference; includeInIndex = 1; lastKnownFileType = text.xcconfig; name = "Pods-MovieCollection.release.xcconfig"; path = "Pods/Target Support Files/Pods-MovieCollection/Pods-MovieCollection.release.xcconfig"; sourceTree = "<group>"; };
		F17E1163B502C1F7A1C31896 /* Pods-MovieCollection.debug.xcconfig */ = {isa = PBXFileReference; includeInIndex = 1; lastKnownFileType = text.xcconfig; name = "Pods-MovieCollection.debug.xcconfig"; path = "Pods/Target Support Files/Pods-MovieCollection/Pods-MovieCollection.debug.xcconfig"; sourceTree = "<group>"; };
/* End PBXFileReference section */

/* Begin PBXFrameworksBuildPhase section */
		30D1EEA6210C721A00014C2F /* Frameworks */ = {
			isa = PBXFrameworksBuildPhase;
			buildActionMask = 2147483647;
			files = (
				495B0AFAB095D8541CF0EE85 /* Pods_MovieCollection.framework in Frameworks */,
			);
			runOnlyForDeploymentPostprocessing = 0;
		};
/* End PBXFrameworksBuildPhase section */

/* Begin PBXGroup section */
		206AF39D049CFCFF6745409E /* Pods */ = {
			isa = PBXGroup;
			children = (
				F17E1163B502C1F7A1C31896 /* Pods-MovieCollection.debug.xcconfig */,
				ECFD1C87DBC4F5EDAB098F32 /* Pods-MovieCollection.release.xcconfig */,
			);
			name = Pods;
			sourceTree = "<group>";
		};
		30D1EEA0210C721A00014C2F = {
			isa = PBXGroup;
			children = (
				30D1EEAB210C721A00014C2F /* MovieCollection */,
				30D1EEAA210C721A00014C2F /* Products */,
				206AF39D049CFCFF6745409E /* Pods */,
				BFD15E9B7F6BEC079ABBE831 /* Frameworks */,
			);
			sourceTree = "<group>";
		};
		30D1EEAA210C721A00014C2F /* Products */ = {
			isa = PBXGroup;
			children = (
				30D1EEA9210C721A00014C2F /* MovieCollection.app */,
			);
			name = Products;
			sourceTree = "<group>";
		};
		30D1EEAB210C721A00014C2F /* MovieCollection */ = {
			isa = PBXGroup;
			children = (
				30D1EEAC210C721A00014C2F /* AppDelegate.swift */,
				30D1EEAE210C721A00014C2F /* AddViewController.swift */,
				30D1EEB0210C721A00014C2F /* Main.storyboard */,
				30D1EEB6210C721A00014C2F /* Assets.xcassets */,
				30D1EEB8210C721A00014C2F /* LaunchScreen.storyboard */,
				30D1EEBB210C721A00014C2F /* Info.plist */,
				30D1EEB3210C721A00014C2F /* MovieCollection.xcdatamodeld */,
				30D64E712119F32B0088E483 /* MasterTableViewController.swift */,
				30D64E732119F3500088E483 /* DetailViewController.swift */,
				30D64E752119F3670088E483 /* EditViewController.swift */,
				306836992119F76800CE9EB8 /* CinemaMovie.swift */,
			);
			path = MovieCollection;
			sourceTree = "<group>";
		};
		BFD15E9B7F6BEC079ABBE831 /* Frameworks */ = {
			isa = PBXGroup;
			children = (
				0C5D6617335AC3E11589A256 /* Pods_MovieCollection.framework */,
			);
			name = Frameworks;
			sourceTree = "<group>";
		};
/* End PBXGroup section */

/* Begin PBXNativeTarget section */
		30D1EEA8210C721A00014C2F /* MovieCollection */ = {
			isa = PBXNativeTarget;
			buildConfigurationList = 30D1EEBE210C721A00014C2F /* Build configuration list for PBXNativeTarget "MovieCollection" */;
			buildPhases = (
				0C1F0240D901B3BFFC07C4AB /* [CP] Check Pods Manifest.lock */,
				30D1EEA5210C721A00014C2F /* Sources */,
				30D1EEA6210C721A00014C2F /* Frameworks */,
				30D1EEA7210C721A00014C2F /* Resources */,
				AF3279B0C13F3928BED5C0FD /* [CP] Embed Pods Frameworks */,
				023D4286BE344BB98CC60D1C /* [CP] Copy Pods Resources */,
			);
			buildRules = (
			);
			dependencies = (
			);
			name = MovieCollection;
			productName = MovieCollection;
			productReference = 30D1EEA9210C721A00014C2F /* MovieCollection.app */;
			productType = "com.apple.product-type.application";
		};
/* End PBXNativeTarget section */

/* Begin PBXProject section */
		30D1EEA1210C721A00014C2F /* Project object */ = {
			isa = PBXProject;
			attributes = {
				LastSwiftUpdateCheck = 0920;
				LastUpgradeCheck = 0920;
				ORGANIZATIONNAME = "Wan Ching";
				TargetAttributes = {
					30D1EEA8210C721A00014C2F = {
						CreatedOnToolsVersion = 9.2;
						ProvisioningStyle = Automatic;
					};
				};
			};
			buildConfigurationList = 30D1EEA4210C721A00014C2F /* Build configuration list for PBXProject "MovieCollection" */;
			compatibilityVersion = "Xcode 8.0";
			developmentRegion = en;
			hasScannedForEncodings = 0;
			knownRegions = (
				en,
				Base,
			);
			mainGroup = 30D1EEA0210C721A00014C2F;
			productRefGroup = 30D1EEAA210C721A00014C2F /* Products */;
			projectDirPath = "";
			projectRoot = "";
			targets = (
				30D1EEA8210C721A00014C2F /* MovieCollection */,
			);
		};
/* End PBXProject section */

/* Begin PBXResourcesBuildPhase section */
		30D1EEA7210C721A00014C2F /* Resources */ = {
			isa = PBXResourcesBuildPhase;
			buildActionMask = 2147483647;
			files = (
				30D1EEBA210C721A00014C2F /* LaunchScreen.storyboard in Resources */,
				30D1EEB7210C721A00014C2F /* Assets.xcassets in Resources */,
				30D1EEB2210C721A00014C2F /* Main.storyboard in Resources */,
			);
			runOnlyForDeploymentPostprocessing = 0;
		};
/* End PBXResourcesBuildPhase section */

/* Begin PBXShellScriptBuildPhase section */
		023D4286BE344BB98CC60D1C /* [CP] Copy Pods Resources */ = {
			isa = PBXShellScriptBuildPhase;
			buildActionMask = 2147483647;
			files = (
			);
			inputPaths = (
			);
			name = "[CP] Copy Pods Resources";
			outputPaths = (
			);
			runOnlyForDeploymentPostprocessing = 0;
			shellPath = /bin/sh;
			shellScript = "\"${SRCROOT}/Pods/Target Support Files/Pods-MovieCollection/Pods-MovieCollection-resources.sh\"\n";
			showEnvVarsInLog = 0;
		};
		0C1F0240D901B3BFFC07C4AB /* [CP] Check Pods Manifest.lock */ = {
			isa = PBXShellScriptBuildPhase;
			buildActionMask = 2147483647;
			files = (
			);
			inputPaths = (
				"${PODS_PODFILE_DIR_PATH}/Podfile.lock",
				"${PODS_ROOT}/Manifest.lock",
			);
			name = "[CP] Check Pods Manifest.lock";
			outputPaths = (
				"$(DERIVED_FILE_DIR)/Pods-MovieCollection-checkManifestLockResult.txt",
			);
			runOnlyForDeploymentPostprocessing = 0;
			shellPath = /bin/sh;
			shellScript = "diff \"${PODS_PODFILE_DIR_PATH}/Podfile.lock\" \"${PODS_ROOT}/Manifest.lock\" > /dev/null\nif [ $? != 0 ] ; then\n    # print error to STDERR\n    echo \"error: The sandbox is not in sync with the Podfile.lock. Run 'pod install' or update your CocoaPods installation.\" >&2\n    exit 1\nfi\n# This output is used by Xcode 'outputs' to avoid re-running this script phase.\necho \"SUCCESS\" > \"${SCRIPT_OUTPUT_FILE_0}\"\n";
			showEnvVarsInLog = 0;
		};
		AF3279B0C13F3928BED5C0FD /* [CP] Embed Pods Frameworks */ = {
			isa = PBXShellScriptBuildPhase;
			buildActionMask = 2147483647;
			files = (
			);
			inputPaths = (
				"${SRCROOT}/Pods/Target Support Files/Pods-MovieCollection/Pods-MovieCollection-frameworks.sh",
				"${BUILT_PRODUCTS_DIR}/ChameleonFramework/ChameleonFramework.framework",
				"${BUILT_PRODUCTS_DIR}/DropDown/DropDown.framework",
			);
			name = "[CP] Embed Pods Frameworks";
			outputPaths = (
				"${TARGET_BUILD_DIR}/${FRAMEWORKS_FOLDER_PATH}/ChameleonFramework.framework",
				"${TARGET_BUILD_DIR}/${FRAMEWORKS_FOLDER_PATH}/DropDown.framework",
			);
			runOnlyForDeploymentPostprocessing = 0;
			shellPath = /bin/sh;
			shellScript = "\"${SRCROOT}/Pods/Target Support Files/Pods-MovieCollection/Pods-MovieCollection-frameworks.sh\"\n";
			showEnvVarsInLog = 0;
		};
/* End PBXShellScriptBuildPhase section */

/* Begin PBXSourcesBuildPhase section */
		30D1EEA5210C721A00014C2F /* Sources */ = {
			isa = PBXSourcesBuildPhase;
			buildActionMask = 2147483647;
			files = (
				3068369A2119F76800CE9EB8 /* CinemaMovie.swift in Sources */,
				30D1EEB5210C721A00014C2F /* MovieCollection.xcdatamodeld in Sources */,
				30D64E722119F32B0088E483 /* MasterTableViewController.swift in Sources */,
				30D64E762119F3670088E483 /* EditViewController.swift in Sources */,
				30D64E742119F3500088E483 /* DetailViewController.swift in Sources */,
				30D1EEAF210C721A00014C2F /* AddViewController.swift in Sources */,
				30D1EEAD210C721A00014C2F /* AppDelegate.swift in Sources */,
			);
			runOnlyForDeploymentPostprocessing = 0;
		};
/* End PBXSourcesBuildPhase section */

/* Begin PBXVariantGroup section */
		30D1EEB0210C721A00014C2F /* Main.storyboard */ = {
			isa = PBXVariantGroup;
			children = (
				30D1EEB1210C721A00014C2F /* Base */,
			);
			name = Main.storyboard;
			sourceTree = "<group>";
		};
		30D1EEB8210C721A00014C2F /* LaunchScreen.storyboard */ = {
			isa = PBXVariantGroup;
			children = (
				30D1EEB9210C721A00014C2F /* Base */,
			);
			name = LaunchScreen.storyboard;
			sourceTree = "<group>";
		};
/* End PBXVariantGroup section */

/* Begin XCBuildConfiguration section */
		30D1EEBC210C721A00014C2F /* Debug */ = {
			isa = XCBuildConfiguration;
			buildSettings = {
				ALWAYS_SEARCH_USER_PATHS = NO;
				CLANG_ANALYZER_NONNULL = YES;
				CLANG_ANALYZER_NUMBER_OBJECT_CONVERSION = YES_AGGRESSIVE;
				CLANG_CXX_LANGUAGE_STANDARD = "gnu++14";
				CLANG_CXX_LIBRARY = "libc++";
				CLANG_ENABLE_MODULES = YES;
				CLANG_ENABLE_OBJC_ARC = YES;
				CLANG_WARN_BLOCK_CAPTURE_AUTORELEASING = YES;
				CLANG_WARN_BOOL_CONVERSION = YES;
				CLANG_WARN_COMMA = YES;
				CLANG_WARN_CONSTANT_CONVERSION = YES;
				CLANG_WARN_DIRECT_OBJC_ISA_USAGE = YES_ERROR;
				CLANG_WARN_DOCUMENTATION_COMMENTS = YES;
				CLANG_WARN_EMPTY_BODY = YES;
				CLANG_WARN_ENUM_CONVERSION = YES;
				CLANG_WARN_INFINITE_RECURSION = YES;
				CLANG_WARN_INT_CONVERSION = YES;
				CLANG_WARN_NON_LITERAL_NULL_CONVERSION = YES;
				CLANG_WARN_OBJC_LITERAL_CONVERSION = YES;
				CLANG_WARN_OBJC_ROOT_CLASS = YES_ERROR;
				CLANG_WARN_RANGE_LOOP_ANALYSIS = YES;
				CLANG_WARN_STRICT_PROTOTYPES = YES;
				CLANG_WARN_SUSPICIOUS_MOVE = YES;
				CLANG_WARN_UNGUARDED_AVAILABILITY = YES_AGGRESSIVE;
				CLANG_WARN_UNREACHABLE_CODE = YES;
				CLANG_WARN__DUPLICATE_METHOD_MATCH = YES;
				CODE_SIGN_IDENTITY = "iPhone Developer";
				COPY_PHASE_STRIP = NO;
				DEBUG_INFORMATION_FORMAT = dwarf;
				ENABLE_STRICT_OBJC_MSGSEND = YES;
				ENABLE_TESTABILITY = YES;
				GCC_C_LANGUAGE_STANDARD = gnu11;
				GCC_DYNAMIC_NO_PIC = NO;
				GCC_NO_COMMON_BLOCKS = YES;
				GCC_OPTIMIZATION_LEVEL = 0;
				GCC_PREPROCESSOR_DEFINITIONS = (
					"DEBUG=1",
					"$(inherited)",
				);
				GCC_WARN_64_TO_32_BIT_CONVERSION = YES;
				GCC_WARN_ABOUT_RETURN_TYPE = YES_ERROR;
				GCC_WARN_UNDECLARED_SELECTOR = YES;
				GCC_WARN_UNINITIALIZED_AUTOS = YES_AGGRESSIVE;
				GCC_WARN_UNUSED_FUNCTION = YES;
				GCC_WARN_UNUSED_VARIABLE = YES;
				IPHONEOS_DEPLOYMENT_TARGET = 11.2;
				MTL_ENABLE_DEBUG_INFO = YES;
				ONLY_ACTIVE_ARCH = YES;
				SDKROOT = iphoneos;
				SWIFT_ACTIVE_COMPILATION_CONDITIONS = DEBUG;
				SWIFT_OPTIMIZATION_LEVEL = "-Onone";
			};
			name = Debug;
		};
		30D1EEBD210C721A00014C2F /* Release */ = {
			isa = XCBuildConfiguration;
			buildSettings = {
				ALWAYS_SEARCH_USER_PATHS = NO;
				CLANG_ANALYZER_NONNULL = YES;
				CLANG_ANALYZER_NUMBER_OBJECT_CONVERSION = YES_AGGRESSIVE;
				CLANG_CXX_LANGUAGE_STANDARD = "gnu++14";
				CLANG_CXX_LIBRARY = "libc++";
				CLANG_ENABLE_MODULES = YES;
				CLANG_ENABLE_OBJC_ARC = YES;
				CLANG_WARN_BLOCK_CAPTURE_AUTORELEASING = YES;
				CLANG_WARN_BOOL_CONVERSION = YES;
				CLANG_WARN_COMMA = YES;
				CLANG_WARN_CONSTANT_CONVERSION = YES;
				CLANG_WARN_DIRECT_OBJC_ISA_USAGE = YES_ERROR;
				CLANG_WARN_DOCUMENTATION_COMMENTS = YES;
				CLANG_WARN_EMPTY_BODY = YES;
				CLANG_WARN_ENUM_CONVERSION = YES;
				CLANG_WARN_INFINITE_RECURSION = YES;
				CLANG_WARN_INT_CONVERSION = YES;
				CLANG_WARN_NON_LITERAL_NULL_CONVERSION = YES;
				CLANG_WARN_OBJC_LITERAL_CONVERSION = YES;
				CLANG_WARN_OBJC_ROOT_CLASS = YES_ERROR;
				CLANG_WARN_RANGE_LOOP_ANALYSIS = YES;
				CLANG_WARN_STRICT_PROTOTYPES = YES;
				CLANG_WARN_SUSPICIOUS_MOVE = YES;
				CLANG_WARN_UNGUARDED_AVAILABILITY = YES_AGGRESSIVE;
				CLANG_WARN_UNREACHABLE_CODE = YES;
				CLANG_WARN__DUPLICATE_METHOD_MATCH = YES;
				CODE_SIGN_IDENTITY = "iPhone Developer";
				COPY_PHASE_STRIP = NO;
				DEBUG_INFORMATION_FORMAT = "dwarf-with-dsym";
				ENABLE_NS_ASSERTIONS = NO;
				ENABLE_STRICT_OBJC_MSGSEND = YES;
				GCC_C_LANGUAGE_STANDARD = gnu11;
				GCC_NO_COMMON_BLOCKS = YES;
				GCC_WARN_64_TO_32_BIT_CONVERSION = YES;
				GCC_WARN_ABOUT_RETURN_TYPE = YES_ERROR;
				GCC_WARN_UNDECLARED_SELECTOR = YES;
				GCC_WARN_UNINITIALIZED_AUTOS = YES_AGGRESSIVE;
				GCC_WARN_UNUSED_FUNCTION = YES;
				GCC_WARN_UNUSED_VARIABLE = YES;
				IPHONEOS_DEPLOYMENT_TARGET = 11.2;
				MTL_ENABLE_DEBUG_INFO = NO;
				SDKROOT = iphoneos;
				SWIFT_OPTIMIZATION_LEVEL = "-Owholemodule";
				VALIDATE_PRODUCT = YES;
			};
			name = Release;
		};
		30D1EEBF210C721A00014C2F /* Debug */ = {
			isa = XCBuildConfiguration;
			baseConfigurationReference = F17E1163B502C1F7A1C31896 /* Pods-MovieCollection.debug.xcconfig */;
			buildSettings = {
				ASSETCATALOG_COMPILER_APPICON_NAME = AppIcon;
				CODE_SIGN_STYLE = Automatic;
				INFOPLIST_FILE = MovieCollection/Info.plist;
				LD_RUNPATH_SEARCH_PATHS = "$(inherited) @executable_path/Frameworks";
				PRODUCT_BUNDLE_IDENTIFIER = com.wanching.MovieCollection;
				PRODUCT_NAME = "$(TARGET_NAME)";
				SWIFT_VERSION = 4.0;
				TARGETED_DEVICE_FAMILY = "1,2";
			};
			name = Debug;
		};
		30D1EEC0210C721A00014C2F /* Release */ = {
			isa = XCBuildConfiguration;
			baseConfigurationReference = ECFD1C87DBC4F5EDAB098F32 /* Pods-MovieCollection.release.xcconfig */;
			buildSettings = {
				ASSETCATALOG_COMPILER_APPICON_NAME = AppIcon;
				CODE_SIGN_STYLE = Automatic;
				INFOPLIST_FILE = MovieCollection/Info.plist;
				LD_RUNPATH_SEARCH_PATHS = "$(inherited) @executable_path/Frameworks";
				PRODUCT_BUNDLE_IDENTIFIER = com.wanching.MovieCollection;
				PRODUCT_NAME = "$(TARGET_NAME)";
				SWIFT_VERSION = 4.0;
				TARGETED_DEVICE_FAMILY = "1,2";
			};
			name = Release;
		};
/* End XCBuildConfiguration section */

/* Begin XCConfigurationList section */
		30D1EEA4210C721A00014C2F /* Build configuration list for PBXProject "MovieCollection" */ = {
			isa = XCConfigurationList;
			buildConfigurations = (
				30D1EEBC210C721A00014C2F /* Debug */,
				30D1EEBD210C721A00014C2F /* Release */,
			);
			defaultConfigurationIsVisible = 0;
			defaultConfigurationName = Release;
		};
		30D1EEBE210C721A00014C2F /* Build configuration list for PBXNativeTarget "MovieCollection" */ = {
			isa = XCConfigurationList;
			buildConfigurations = (
				30D1EEBF210C721A00014C2F /* Debug */,
				30D1EEC0210C721A00014C2F /* Release */,
			);
			defaultConfigurationIsVisible = 0;
			defaultConfigurationName = Release;
		};
/* End XCConfigurationList section */

/* Begin XCVersionGroup section */
		30D1EEB3210C721A00014C2F /* MovieCollection.xcdatamodeld */ = {
			isa = XCVersionGroup;
			children = (
				30D1EEB4210C721A00014C2F /* MovieCollection.xcdatamodel */,
			);
			currentVersion = 30D1EEB4210C721A00014C2F /* MovieCollection.xcdatamodel */;
			path = MovieCollection.xcdatamodeld;
			sourceTree = "<group>";
			versionGroupType = wrapper.xcdatamodel;
		};
/* End XCVersionGroup section */
	};
	rootObject = 30D1EEA1210C721A00014C2F /* Project object */;
}
